
Microsoft Visual Studio Solution File, Format Version 12.00
# Visual Studio 15
VisualStudioVersion = 15.0.27703.2042
MinimumVisualStudioVersion = 10.0.40219.1
Project("{FAE04EC0-301F-11D3-BF4B-00C04F79EFBC}") = "Blackjack", "Blackjack\Blackjack.csproj", "{239BD004-F420-4A7E-A092-8CAA804FD3AE}"
EndProject
Global
	GlobalSection(SolutionConfigurationPlatforms) = preSolution
		Debug|Any CPU = Debug|Any CPU
		Release|Any CPU = Release|Any CPU
	EndGlobalSection
	GlobalSection(ProjectConfigurationPlatforms) = postSolution
		{239BD004-F420-4A7E-A092-8CAA804FD3AE}.Debug|Any CPU.ActiveCfg = Debug|Any CPU
		{239BD004-F420-4A7E-A092-8CAA804FD3AE}.Debug|Any CPU.Build.0 = Debug|Any CPU
		{239BD004-F420-4A7E-A092-8CAA804FD3AE}.Release|Any CPU.ActiveCfg = Release|Any CPU
		{239BD004-F420-4A7E-A092-8CAA804FD3AE}.Release|Any CPU.Build.0 = Release|Any CPU
	EndGlobalSection
	GlobalSection(SolutionProperties) = preSolution
		HideSolutionNode = FALSE
	EndGlobalSection
	GlobalSection(ExtensibilityGlobals) = postSolution
		SolutionGuid = {85DE2937-CAA3-4E46-BF47-A878896B554F}
	EndGlobalSection
EndGlobal
