
Microsoft Visual Studio Solution File, Format Version 12.00
# Visual Studio 15
VisualStudioVersion = 15.0.27703.2042
MinimumVisualStudioVersion = 10.0.40219.1
Project("{FAE04EC0-301F-11D3-BF4B-00C04F79EFBC}") = "When animals get dirty", "When animals get dirty\When animals get dirty.csproj", "{C8BA7FCA-A499-4D94-958D-A568C58F1947}"
EndProject
Global
	GlobalSection(SolutionConfigurationPlatforms) = preSolution
		Debug|Any CPU = Debug|Any CPU
		Release|Any CPU = Release|Any CPU
	EndGlobalSection
	GlobalSection(ProjectConfigurationPlatforms) = postSolution
		{C8BA7FCA-A499-4D94-958D-A568C58F1947}.Debug|Any CPU.ActiveCfg = Debug|Any CPU
		{C8BA7FCA-A499-4D94-958D-A568C58F1947}.Debug|Any CPU.Build.0 = Debug|Any CPU
		{C8BA7FCA-A499-4D94-958D-A568C58F1947}.Release|Any CPU.ActiveCfg = Release|Any CPU
		{C8BA7FCA-A499-4D94-958D-A568C58F1947}.Release|Any CPU.Build.0 = Release|Any CPU
	EndGlobalSection
	GlobalSection(SolutionProperties) = preSolution
		HideSolutionNode = FALSE
	EndGlobalSection
	GlobalSection(ExtensibilityGlobals) = postSolution
		SolutionGuid = {4611D58F-B693-4405-947A-5A9082A7FD03}
	EndGlobalSection
EndGlobal
